// !$*UTF8*$!
{
	archiveVersion = 1;
	classes = {
	};
	objectVersion = 46;
	objects = {

/* Begin PBXBuildFile section */
		277EDBCC1ABB745C007AABD7 /* BLCWebBrowserViewController.m in Sources */ = {isa = PBXBuildFile; fileRef = 277EDBCB1ABB745C007AABD7 /* BLCWebBrowserViewController.m */; };
		277EDBCF1ABB8C38007AABD7 /* BLCAwesomeFloatingToolbar.m in Sources */ = {isa = PBXBuildFile; fileRef = 277EDBCE1ABB8C38007AABD7 /* BLCAwesomeFloatingToolbar.m */; };
		27B3C6021AB8772900F9B8AF /* main.m in Sources */ = {isa = PBXBuildFile; fileRef = 27B3C6011AB8772900F9B8AF /* main.m */; };
		27B3C6051AB8772900F9B8AF /* AppDelegate.m in Sources */ = {isa = PBXBuildFile; fileRef = 27B3C6041AB8772900F9B8AF /* AppDelegate.m */; };
		27B3C6081AB8772900F9B8AF /* ViewController.m in Sources */ = {isa = PBXBuildFile; fileRef = 27B3C6071AB8772900F9B8AF /* ViewController.m */; };
		27B3C60D1AB8772900F9B8AF /* Images.xcassets in Resources */ = {isa = PBXBuildFile; fileRef = 27B3C60C1AB8772900F9B8AF /* Images.xcassets */; };
		27B3C6101AB8772A00F9B8AF /* LaunchScreen.xib in Resources */ = {isa = PBXBuildFile; fileRef = 27B3C60E1AB8772A00F9B8AF /* LaunchScreen.xib */; };
		27B3C61C1AB8772A00F9B8AF /* BlocBrowserTests.m in Sources */ = {isa = PBXBuildFile; fileRef = 27B3C61B1AB8772A00F9B8AF /* BlocBrowserTests.m */; };
/* End PBXBuildFile section */

/* Begin PBXContainerItemProxy section */
		27B3C6161AB8772A00F9B8AF /* PBXContainerItemProxy */ = {
			isa = PBXContainerItemProxy;
			containerPortal = 27B3C5F41AB8772900F9B8AF /* Project object */;
			proxyType = 1;
			remoteGlobalIDString = 27B3C5FB1AB8772900F9B8AF;
			remoteInfo = BlocBrowser;
		};
/* End PBXContainerItemProxy section */

/* Begin PBXFileReference section */
		277EDBCA1ABB745C007AABD7 /* BLCWebBrowserViewController.h */ = {isa = PBXFileReference; fileEncoding = 4; lastKnownFileType = sourcecode.c.h; path = BLCWebBrowserViewController.h; sourceTree = "<group>"; };
		277EDBCB1ABB745C007AABD7 /* BLCWebBrowserViewController.m */ = {isa = PBXFileReference; fileEncoding = 4; lastKnownFileType = sourcecode.c.objc; path = BLCWebBrowserViewController.m; sourceTree = "<group>"; };
		277EDBCD1ABB8C38007AABD7 /* BLCAwesomeFloatingToolbar.h */ = {isa = PBXFileReference; fileEncoding = 4; lastKnownFileType = sourcecode.c.h; path = BLCAwesomeFloatingToolbar.h; sourceTree = "<group>"; };
		277EDBCE1ABB8C38007AABD7 /* BLCAwesomeFloatingToolbar.m */ = {isa = PBXFileReference; fileEncoding = 4; lastKnownFileType = sourcecode.c.objc; path = BLCAwesomeFloatingToolbar.m; sourceTree = "<group>"; };
		27B3C5FC1AB8772900F9B8AF /* BlocBrowser.app */ = {isa = PBXFileReference; explicitFileType = wrapper.application; includeInIndex = 0; path = BlocBrowser.app; sourceTree = BUILT_PRODUCTS_DIR; };
		27B3C6001AB8772900F9B8AF /* Info.plist */ = {isa = PBXFileReference; lastKnownFileType = text.plist.xml; path = Info.plist; sourceTree = "<group>"; };
		27B3C6011AB8772900F9B8AF /* main.m */ = {isa = PBXFileReference; lastKnownFileType = sourcecode.c.objc; path = main.m; sourceTree = "<group>"; };
		27B3C6031AB8772900F9B8AF /* AppDelegate.h */ = {isa = PBXFileReference; lastKnownFileType = sourcecode.c.h; path = AppDelegate.h; sourceTree = "<group>"; };
		27B3C6041AB8772900F9B8AF /* AppDelegate.m */ = {isa = PBXFileReference; lastKnownFileType = sourcecode.c.objc; path = AppDelegate.m; sourceTree = "<group>"; };
		27B3C6061AB8772900F9B8AF /* ViewController.h */ = {isa = PBXFileReference; lastKnownFileType = sourcecode.c.h; path = ViewController.h; sourceTree = "<group>"; };
		27B3C6071AB8772900F9B8AF /* ViewController.m */ = {isa = PBXFileReference; lastKnownFileType = sourcecode.c.objc; path = ViewController.m; sourceTree = "<group>"; };
		27B3C60C1AB8772900F9B8AF /* Images.xcassets */ = {isa = PBXFileReference; lastKnownFileType = folder.assetcatalog; path = Images.xcassets; sourceTree = "<group>"; };
		27B3C60F1AB8772A00F9B8AF /* Base */ = {isa = PBXFileReference; lastKnownFileType = file.xib; name = Base; path = Base.lproj/LaunchScreen.xib; sourceTree = "<group>"; };
		27B3C6151AB8772A00F9B8AF /* BlocBrowserTests.xctest */ = {isa = PBXFileReference; explicitFileType = wrapper.cfbundle; includeInIndex = 0; path = BlocBrowserTests.xctest; sourceTree = BUILT_PRODUCTS_DIR; };
		27B3C61A1AB8772A00F9B8AF /* Info.plist */ = {isa = PBXFileReference; lastKnownFileType = text.plist.xml; path = Info.plist; sourceTree = "<group>"; };
		27B3C61B1AB8772A00F9B8AF /* BlocBrowserTests.m */ = {isa = PBXFileReference; lastKnownFileType = sourcecode.c.objc; path = BlocBrowserTests.m; sourceTree = "<group>"; };
/* End PBXFileReference section */

/* Begin PBXFrameworksBuildPhase section */
		27B3C5F91AB8772900F9B8AF /* Frameworks */ = {
			isa = PBXFrameworksBuildPhase;
			buildActionMask = 2147483647;
			files = (
			);
			runOnlyForDeploymentPostprocessing = 0;
		};
		27B3C6121AB8772A00F9B8AF /* Frameworks */ = {
			isa = PBXFrameworksBuildPhase;
			buildActionMask = 2147483647;
			files = (
			);
			runOnlyForDeploymentPostprocessing = 0;
		};
/* End PBXFrameworksBuildPhase section */

/* Begin PBXGroup section */
		27B3C5F31AB8772900F9B8AF = {
			isa = PBXGroup;
			children = (
				27B3C5FE1AB8772900F9B8AF /* BlocBrowser */,
				27B3C6181AB8772A00F9B8AF /* BlocBrowserTests */,
				27B3C5FD1AB8772900F9B8AF /* Products */,
			);
			sourceTree = "<group>";
		};
		27B3C5FD1AB8772900F9B8AF /* Products */ = {
			isa = PBXGroup;
			children = (
				27B3C5FC1AB8772900F9B8AF /* BlocBrowser.app */,
				27B3C6151AB8772A00F9B8AF /* BlocBrowserTests.xctest */,
			);
			name = Products;
			sourceTree = "<group>";
		};
		27B3C5FE1AB8772900F9B8AF /* BlocBrowser */ = {
			isa = PBXGroup;
			children = (
				27B3C6031AB8772900F9B8AF /* AppDelegate.h */,
				27B3C6041AB8772900F9B8AF /* AppDelegate.m */,
				27B3C6061AB8772900F9B8AF /* ViewController.h */,
				27B3C6071AB8772900F9B8AF /* ViewController.m */,
				277EDBCA1ABB745C007AABD7 /* BLCWebBrowserViewController.h */,
				277EDBCB1ABB745C007AABD7 /* BLCWebBrowserViewController.m */,
				277EDBCD1ABB8C38007AABD7 /* BLCAwesomeFloatingToolbar.h */,
				277EDBCE1ABB8C38007AABD7 /* BLCAwesomeFloatingToolbar.m */,
				27B3C60C1AB8772900F9B8AF /* Images.xcassets */,
				27B3C60E1AB8772A00F9B8AF /* LaunchScreen.xib */,
				27B3C5FF1AB8772900F9B8AF /* Supporting Files */,
			);
			path = BlocBrowser;
			sourceTree = "<group>";
		};
		27B3C5FF1AB8772900F9B8AF /* Supporting Files */ = {
			isa = PBXGroup;
			children = (
				27B3C6001AB8772900F9B8AF /* Info.plist */,
				27B3C6011AB8772900F9B8AF /* main.m */,
			);
			name = "Supporting Files";
			sourceTree = "<group>";
		};
		27B3C6181AB8772A00F9B8AF /* BlocBrowserTests */ = {
			isa = PBXGroup;
			children = (
				27B3C61B1AB8772A00F9B8AF /* BlocBrowserTests.m */,
				27B3C6191AB8772A00F9B8AF /* Supporting Files */,
			);
			path = BlocBrowserTests;
			sourceTree = "<group>";
		};
		27B3C6191AB8772A00F9B8AF /* Supporting Files */ = {
			isa = PBXGroup;
			children = (
				27B3C61A1AB8772A00F9B8AF /* Info.plist */,
			);
			name = "Supporting Files";
			sourceTree = "<group>";
		};
/* End PBXGroup section */

/* Begin PBXNativeTarget section */
		27B3C5FB1AB8772900F9B8AF /* BlocBrowser */ = {
			isa = PBXNativeTarget;
			buildConfigurationList = 27B3C61F1AB8772A00F9B8AF /* Build configuration list for PBXNativeTarget "BlocBrowser" */;
			buildPhases = (
				27B3C5F81AB8772900F9B8AF /* Sources */,
				27B3C5F91AB8772900F9B8AF /* Frameworks */,
				27B3C5FA1AB8772900F9B8AF /* Resources */,
			);
			buildRules = (
			);
			dependencies = (
			);
			name = BlocBrowser;
			productName = BlocBrowser;
			productReference = 27B3C5FC1AB8772900F9B8AF /* BlocBrowser.app */;
			productType = "com.apple.product-type.application";
		};
		27B3C6141AB8772A00F9B8AF /* BlocBrowserTests */ = {
			isa = PBXNativeTarget;
			buildConfigurationList = 27B3C6221AB8772A00F9B8AF /* Build configuration list for PBXNativeTarget "BlocBrowserTests" */;
			buildPhases = (
				27B3C6111AB8772A00F9B8AF /* Sources */,
				27B3C6121AB8772A00F9B8AF /* Frameworks */,
				27B3C6131AB8772A00F9B8AF /* Resources */,
			);
			buildRules = (
			);
			dependencies = (
				27B3C6171AB8772A00F9B8AF /* PBXTargetDependency */,
			);
			name = BlocBrowserTests;
			productName = BlocBrowserTests;
			productReference = 27B3C6151AB8772A00F9B8AF /* BlocBrowserTests.xctest */;
			productType = "com.apple.product-type.bundle.unit-test";
		};
/* End PBXNativeTarget section */

/* Begin PBXProject section */
		27B3C5F41AB8772900F9B8AF /* Project object */ = {
			isa = PBXProject;
			attributes = {
				LastUpgradeCheck = 0620;
				ORGANIZATIONNAME = "Edward Heywood";
				TargetAttributes = {
					27B3C5FB1AB8772900F9B8AF = {
						CreatedOnToolsVersion = 6.2;
					};
					27B3C6141AB8772A00F9B8AF = {
						CreatedOnToolsVersion = 6.2;
						TestTargetID = 27B3C5FB1AB8772900F9B8AF;
					};
				};
			};
			buildConfigurationList = 27B3C5F71AB8772900F9B8AF /* Build configuration list for PBXProject "BlocBrowser" */;
			compatibilityVersion = "Xcode 3.2";
			developmentRegion = English;
			hasScannedForEncodings = 0;
			knownRegions = (
				en,
				Base,
			);
			mainGroup = 27B3C5F31AB8772900F9B8AF;
			productRefGroup = 27B3C5FD1AB8772900F9B8AF /* Products */;
			projectDirPath = "";
			projectRoot = "";
			targets = (
				27B3C5FB1AB8772900F9B8AF /* BlocBrowser */,
				27B3C6141AB8772A00F9B8AF /* BlocBrowserTests */,
			);
		};
/* End PBXProject section */

/* Begin PBXResourcesBuildPhase section */
		27B3C5FA1AB8772900F9B8AF /* Resources */ = {
			isa = PBXResourcesBuildPhase;
			buildActionMask = 2147483647;
			files = (
				27B3C6101AB8772A00F9B8AF /* LaunchScreen.xib in Resources */,
				27B3C60D1AB8772900F9B8AF /* Images.xcassets in Resources */,
			);
			runOnlyForDeploymentPostprocessing = 0;
		};
		27B3C6131AB8772A00F9B8AF /* Resources */ = {
			isa = PBXResourcesBuildPhase;
			buildActionMask = 2147483647;
			files = (
			);
			runOnlyForDeploymentPostprocessing = 0;
		};
/* End PBXResourcesBuildPhase section */

/* Begin PBXSourcesBuildPhase section */
		27B3C5F81AB8772900F9B8AF /* Sources */ = {
			isa = PBXSourcesBuildPhase;
			buildActionMask = 2147483647;
			files = (
				277EDBCF1ABB8C38007AABD7 /* BLCAwesomeFloatingToolbar.m in Sources */,
				27B3C6081AB8772900F9B8AF /* ViewController.m in Sources */,
				27B3C6051AB8772900F9B8AF /* AppDelegate.m in Sources */,
				277EDBCC1ABB745C007AABD7 /* BLCWebBrowserViewController.m in Sources */,
				27B3C6021AB8772900F9B8AF /* main.m in Sources */,
			);
			runOnlyForDeploymentPostprocessing = 0;
		};
		27B3C6111AB8772A00F9B8AF /* Sources */ = {
			isa = PBXSourcesBuildPhase;
			buildActionMask = 2147483647;
			files = (
				27B3C61C1AB8772A00F9B8AF /* BlocBrowserTests.m in Sources */,
			);
			runOnlyForDeploymentPostprocessing = 0;
		};
/* End PBXSourcesBuildPhase section */

/* Begin PBXTargetDependency section */
		27B3C6171AB8772A00F9B8AF /* PBXTargetDependency */ = {
			isa = PBXTargetDependency;
			target = 27B3C5FB1AB8772900F9B8AF /* BlocBrowser */;
			targetProxy = 27B3C6161AB8772A00F9B8AF /* PBXContainerItemProxy */;
		};
/* End PBXTargetDependency section */

/* Begin PBXVariantGroup section */
		27B3C60E1AB8772A00F9B8AF /* LaunchScreen.xib */ = {
			isa = PBXVariantGroup;
			children = (
				27B3C60F1AB8772A00F9B8AF /* Base */,
			);
			name = LaunchScreen.xib;
			sourceTree = "<group>";
		};
/* End PBXVariantGroup section */

/* Begin XCBuildConfiguration section */
		27B3C61D1AB8772A00F9B8AF /* Debug */ = {
			isa = XCBuildConfiguration;
			buildSettings = {
				ALWAYS_SEARCH_USER_PATHS = NO;
				CLANG_CXX_LANGUAGE_STANDARD = "gnu++0x";
				CLANG_CXX_LIBRARY = "libc++";
				CLANG_ENABLE_MODULES = YES;
				CLANG_ENABLE_OBJC_ARC = YES;
				CLANG_WARN_BOOL_CONVERSION = YES;
				CLANG_WARN_CONSTANT_CONVERSION = YES;
				CLANG_WARN_DIRECT_OBJC_ISA_USAGE = YES_ERROR;
				CLANG_WARN_EMPTY_BODY = YES;
				CLANG_WARN_ENUM_CONVERSION = YES;
				CLANG_WARN_INT_CONVERSION = YES;
				CLANG_WARN_OBJC_ROOT_CLASS = YES_ERROR;
				CLANG_WARN_UNREACHABLE_CODE = YES;
				CLANG_WARN__DUPLICATE_METHOD_MATCH = YES;
				"CODE_SIGN_IDENTITY[sdk=iphoneos*]" = "iPhone Developer";
				COPY_PHASE_STRIP = NO;
				ENABLE_STRICT_OBJC_MSGSEND = YES;
				GCC_C_LANGUAGE_STANDARD = gnu99;
				GCC_DYNAMIC_NO_PIC = NO;
				GCC_OPTIMIZATION_LEVEL = 0;
				GCC_PREPROCESSOR_DEFINITIONS = (
					"DEBUG=1",
					"$(inherited)",
				);
				GCC_SYMBOLS_PRIVATE_EXTERN = NO;
				GCC_WARN_64_TO_32_BIT_CONVERSION = YES;
				GCC_WARN_ABOUT_RETURN_TYPE = YES_ERROR;
				GCC_WARN_UNDECLARED_SELECTOR = YES;
				GCC_WARN_UNINITIALIZED_AUTOS = YES_AGGRESSIVE;
				GCC_WARN_UNUSED_FUNCTION = YES;
				GCC_WARN_UNUSED_VARIABLE = YES;
				IPHONEOS_DEPLOYMENT_TARGET = 8.2;
				MTL_ENABLE_DEBUG_INFO = YES;
				ONLY_ACTIVE_ARCH = YES;
				SDKROOT = iphoneos;
			};
			name = Debug;
		};
		27B3C61E1AB8772A00F9B8AF /* Release */ = {
			isa = XCBuildConfiguration;
			buildSettings = {
				ALWAYS_SEARCH_USER_PATHS = NO;
				CLANG_CXX_LANGUAGE_STANDARD = "gnu++0x";
				CLANG_CXX_LIBRARY = "libc++";
				CLANG_ENABLE_MODULES = YES;
				CLANG_ENABLE_OBJC_ARC = YES;
				CLANG_WARN_BOOL_CONVERSION = YES;
				CLANG_WARN_CONSTANT_CONVERSION = YES;
				CLANG_WARN_DIRECT_OBJC_ISA_USAGE = YES_ERROR;
				CLANG_WARN_EMPTY_BODY = YES;
				CLANG_WARN_ENUM_CONVERSION = YES;
				CLANG_WARN_INT_CONVERSION = YES;
				CLANG_WARN_OBJC_ROOT_CLASS = YES_ERROR;
				CLANG_WARN_UNREACHABLE_CODE = YES;
				CLANG_WARN__DUPLICATE_METHOD_MATCH = YES;
				"CODE_SIGN_IDENTITY[sdk=iphoneos*]" = "iPhone Developer";
				COPY_PHASE_STRIP = NO;
				ENABLE_NS_ASSERTIONS = NO;
				ENABLE_STRICT_OBJC_MSGSEND = YES;
				GCC_C_LANGUAGE_STANDARD = gnu99;
				GCC_WARN_64_TO_32_BIT_CONVERSION = YES;
				GCC_WARN_ABOUT_RETURN_TYPE = YES_ERROR;
				GCC_WARN_UNDECLARED_SELECTOR = YES;
				GCC_WARN_UNINITIALIZED_AUTOS = YES_AGGRESSIVE;
				GCC_WARN_UNUSED_FUNCTION = YES;
				GCC_WARN_UNUSED_VARIABLE = YES;
				IPHONEOS_DEPLOYMENT_TARGET = 8.2;
				MTL_ENABLE_DEBUG_INFO = NO;
				SDKROOT = iphoneos;
				VALIDATE_PRODUCT = YES;
			};
			name = Release;
		};
		27B3C6201AB8772A00F9B8AF /* Debug */ = {
			isa = XCBuildConfiguration;
			buildSettings = {
				ASSETCATALOG_COMPILER_APPICON_NAME = AppIcon;
				INFOPLIST_FILE = BlocBrowser/Info.plist;
				LD_RUNPATH_SEARCH_PATHS = "$(inherited) @executable_path/Frameworks";
				PRODUCT_NAME = "$(TARGET_NAME)";
			};
			name = Debug;
		};
		27B3C6211AB8772A00F9B8AF /* Release */ = {
			isa = XCBuildConfiguration;
			buildSettings = {
				ASSETCATALOG_COMPILER_APPICON_NAME = AppIcon;
				INFOPLIST_FILE = BlocBrowser/Info.plist;
				LD_RUNPATH_SEARCH_PATHS = "$(inherited) @executable_path/Frameworks";
				PRODUCT_NAME = "$(TARGET_NAME)";
			};
			name = Release;
		};
		27B3C6231AB8772A00F9B8AF /* Debug */ = {
			isa = XCBuildConfiguration;
			buildSettings = {
				BUNDLE_LOADER = "$(TEST_HOST)";
				FRAMEWORK_SEARCH_PATHS = (
					"$(SDKROOT)/Developer/Library/Frameworks",
					"$(inherited)",
				);
				GCC_PREPROCESSOR_DEFINITIONS = (
					"DEBUG=1",
					"$(inherited)",
				);
				INFOPLIST_FILE = BlocBrowserTests/Info.plist;
				LD_RUNPATH_SEARCH_PATHS = "$(inherited) @executable_path/Frameworks @loader_path/Frameworks";
				PRODUCT_NAME = "$(TARGET_NAME)";
				TEST_HOST = "$(BUILT_PRODUCTS_DIR)/BlocBrowser.app/BlocBrowser";
			};
			name = Debug;
		};
		27B3C6241AB8772A00F9B8AF /* Release */ = {
			isa = XCBuildConfiguration;
			buildSettings = {
				BUNDLE_LOADER = "$(TEST_HOST)";
				FRAMEWORK_SEARCH_PATHS = (
					"$(SDKROOT)/Developer/Library/Frameworks",
					"$(inherited)",
				);
				INFOPLIST_FILE = BlocBrowserTests/Info.plist;
				LD_RUNPATH_SEARCH_PATHS = "$(inherited) @executable_path/Frameworks @loader_path/Frameworks";
				PRODUCT_NAME = "$(TARGET_NAME)";
				TEST_HOST = "$(BUILT_PRODUCTS_DIR)/BlocBrowser.app/BlocBrowser";
			};
			name = Release;
		};
/* End XCBuildConfiguration section */

/* Begin XCConfigurationList section */
		27B3C5F71AB8772900F9B8AF /* Build configuration list for PBXProject "BlocBrowser" */ = {
			isa = XCConfigurationList;
			buildConfigurations = (
				27B3C61D1AB8772A00F9B8AF /* Debug */,
				27B3C61E1AB8772A00F9B8AF /* Release */,
			);
			defaultConfigurationIsVisible = 0;
			defaultConfigurationName = Release;
		};
		27B3C61F1AB8772A00F9B8AF /* Build configuration list for PBXNativeTarget "BlocBrowser" */ = {
			isa = XCConfigurationList;
			buildConfigurations = (
				27B3C6201AB8772A00F9B8AF /* Debug */,
				27B3C6211AB8772A00F9B8AF /* Release */,
			);
			defaultConfigurationIsVisible = 0;
			defaultConfigurationName = Release;
		};
		27B3C6221AB8772A00F9B8AF /* Build configuration list for PBXNativeTarget "BlocBrowserTests" */ = {
			isa = XCConfigurationList;
			buildConfigurations = (
				27B3C6231AB8772A00F9B8AF /* Debug */,
				27B3C6241AB8772A00F9B8AF /* Release */,
			);
			defaultConfigurationIsVisible = 0;
			defaultConfigurationName = Release;
		};
/* End XCConfigurationList section */
	};
	rootObject = 27B3C5F41AB8772900F9B8AF /* Project object */;
}
